
Microsoft Visual Studio Solution File, Format Version 12.00
# Visual Studio Version 17
VisualStudioVersion = 17.10.35004.147
MinimumVisualStudioVersion = 10.0.40219.1
Project("{FAE04EC0-301F-11D3-BF4B-00C04F79EFBC}") = "CatRunner", "CatRunner.csproj", "{155F6E89-E380-42ED-B898-12D262283DD3}"
EndProject
Global
	GlobalSection(SolutionConfigurationPlatforms) = preSolution
		Debug|Any CPU = Debug|Any CPU
		Release|Any CPU = Release|Any CPU
	EndGlobalSection
	GlobalSection(ProjectConfigurationPlatforms) = postSolution
		{155F6E89-E380-42ED-B898-12D262283DD3}.Debug|Any CPU.ActiveCfg = Debug|Any CPU
		{155F6E89-E380-42ED-B898-12D262283DD3}.Debug|Any CPU.Build.0 = Debug|Any CPU
		{155F6E89-E380-42ED-B898-12D262283DD3}.Release|Any CPU.ActiveCfg = Release|Any CPU
		{155F6E89-E380-42ED-B898-12D262283DD3}.Release|Any CPU.Build.0 = Release|Any CPU
	EndGlobalSection
	GlobalSection(SolutionProperties) = preSolution
		HideSolutionNode = FALSE
	EndGlobalSection
	GlobalSection(ExtensibilityGlobals) = postSolution
		SolutionGuid = {800E2719-DB62-4B4B-B4D0-15E8840C4C22}
	EndGlobalSection
EndGlobal
