
Microsoft Visual Studio Solution File, Format Version 12.00
# Visual Studio Version 17
VisualStudioVersion = 17.10.35004.147
MinimumVisualStudioVersion = 10.0.40219.1
Project("{FAE04EC0-301F-11D3-BF4B-00C04F79EFBC}") = "CatExecutableCompiler", "CatExecutableCompiler.csproj", "{C6F60280-E69F-4752-944B-5DB4977D9456}"
EndProject
Global
	GlobalSection(SolutionConfigurationPlatforms) = preSolution
		Debug|Any CPU = Debug|Any CPU
		Release|Any CPU = Release|Any CPU
	EndGlobalSection
	GlobalSection(ProjectConfigurationPlatforms) = postSolution
		{C6F60280-E69F-4752-944B-5DB4977D9456}.Debug|Any CPU.ActiveCfg = Debug|Any CPU
		{C6F60280-E69F-4752-944B-5DB4977D9456}.Debug|Any CPU.Build.0 = Debug|Any CPU
		{C6F60280-E69F-4752-944B-5DB4977D9456}.Release|Any CPU.ActiveCfg = Release|Any CPU
		{C6F60280-E69F-4752-944B-5DB4977D9456}.Release|Any CPU.Build.0 = Release|Any CPU
	EndGlobalSection
	GlobalSection(SolutionProperties) = preSolution
		HideSolutionNode = FALSE
	EndGlobalSection
	GlobalSection(ExtensibilityGlobals) = postSolution
		SolutionGuid = {EDC1B2C5-87C0-4FEB-BA35-A9CCF922CE1D}
	EndGlobalSection
EndGlobal
